
Microsoft Visual Studio Solution File, Format Version 12.00
# Visual Studio Version 16
VisualStudioVersion = 16.0.29609.76
MinimumVisualStudioVersion = 10.0.40219.1
Project("{9A19103F-16F7-4668-BE54-9A1E7A4F7556}") = "KeywordSearchBox", "SearchBox\KeywordSearchBox.csproj", "{07F82484-2136-4C38-89CE-9706CB528ECF}"
EndProject
Project("{9A19103F-16F7-4668-BE54-9A1E7A4F7556}") = "KeywordSearchBoxTests", "WordSearchBoxTest\KeywordSearchBoxTests.csproj", "{0E2923E7-9C27-47CF-90D8-44B5D7370F6A}"
EndProject
Global
	GlobalSection(SolutionConfigurationPlatforms) = preSolution
		Debug|Any CPU = Debug|Any CPU
		Release|Any CPU = Release|Any CPU
	EndGlobalSection
	GlobalSection(ProjectConfigurationPlatforms) = postSolution
		{07F82484-2136-4C38-89CE-9706CB528ECF}.Debug|Any CPU.ActiveCfg = Debug|Any CPU
		{07F82484-2136-4C38-89CE-9706CB528ECF}.Debug|Any CPU.Build.0 = Debug|Any CPU
		{07F82484-2136-4C38-89CE-9706CB528ECF}.Release|Any CPU.ActiveCfg = Release|Any CPU
		{07F82484-2136-4C38-89CE-9706CB528ECF}.Release|Any CPU.Build.0 = Release|Any CPU
		{0E2923E7-9C27-47CF-90D8-44B5D7370F6A}.Debug|Any CPU.ActiveCfg = Debug|Any CPU
		{0E2923E7-9C27-47CF-90D8-44B5D7370F6A}.Debug|Any CPU.Build.0 = Debug|Any CPU
		{0E2923E7-9C27-47CF-90D8-44B5D7370F6A}.Release|Any CPU.ActiveCfg = Release|Any CPU
		{0E2923E7-9C27-47CF-90D8-44B5D7370F6A}.Release|Any CPU.Build.0 = Release|Any CPU
	EndGlobalSection
	GlobalSection(SolutionProperties) = preSolution
		HideSolutionNode = FALSE
	EndGlobalSection
	GlobalSection(ExtensibilityGlobals) = postSolution
		SolutionGuid = {7BDE7A10-31A1-4FB0-9829-898CC77759B5}
	EndGlobalSection
EndGlobal
